lockfileVersion: 5.4

specifiers:
  prettier: ^3.9.9

devDependencies:
  prettier: 3.9.9

packages:

  /prettier/3.9.9:
    resolution: {integrity: sha512-Z/CJHIkdujO/OtN7nXUii0Rf3VT5SRuhjBA82Xvu2XhBUgX3nhP67T0LHceBdQLex7OOFGTox+Q5Yg8Jk2Qivg==}
    engines: {node: '>=14'}
    hasBin: true
    dev: true
