lockfileVersion: 5.4

specifiers:
  prettier: ^3.9.8

devDependencies:
  prettier: 3.9.8

packages:

  /prettier/3.9.8:
    resolution: {integrity: sha512-WRFq3Wn3WId7LLROfMLdH7xaFr2jR62wU8nLO6rQUOLOxNZUviyJQs1M0iIhLexSFy+L+w0ch66wtoO2jRjG0A==}
    engines: {node: '>=14'}
    hasBin: true
    dev: true
